
Microsoft Visual Studio Solution File, Format Version 12.00
# Visual Studio Version 16
VisualStudioVersion = 16.0.31911.196
MinimumVisualStudioVersion = 10.0.40219.1
Project("{FAE04EC0-301F-11D3-BF4B-00C04F79EFBC}") = "Teacher_Student_Connect_Project", "Teacher_Student_Connect_Project\Teacher_Student_Connect_Project.csproj", "{C82C32D5-685D-4363-B997-AF69027736F4}"
EndProject
Global
	GlobalSection(SolutionConfigurationPlatforms) = preSolution
		Debug|Any CPU = Debug|Any CPU
		Release|Any CPU = Release|Any CPU
	EndGlobalSection
	GlobalSection(ProjectConfigurationPlatforms) = postSolution
		{C82C32D5-685D-4363-B997-AF69027736F4}.Debug|Any CPU.ActiveCfg = Debug|Any CPU
		{C82C32D5-685D-4363-B997-AF69027736F4}.Debug|Any CPU.Build.0 = Debug|Any CPU
		{C82C32D5-685D-4363-B997-AF69027736F4}.Release|Any CPU.ActiveCfg = Release|Any CPU
		{C82C32D5-685D-4363-B997-AF69027736F4}.Release|Any CPU.Build.0 = Release|Any CPU
	EndGlobalSection
	GlobalSection(SolutionProperties) = preSolution
		HideSolutionNode = FALSE
	EndGlobalSection
	GlobalSection(ExtensibilityGlobals) = postSolution
		SolutionGuid = {CE2FF2F4-01C3-4ED9-B45E-5643C4EBF336}
	EndGlobalSection
EndGlobal
